
Microsoft Visual Studio Solution File, Format Version 12.00
# Visual Studio 15
VisualStudioVersion = 15.0.28307.421
MinimumVisualStudioVersion = 10.0.40219.1
Project("{FAE04EC0-301F-11D3-BF4B-00C04F79EFBC}") = "parcial", "parcial\parcial.csproj", "{AB2E19BF-B726-40E3-8255-28C0986F9D24}"
EndProject
Global
	GlobalSection(SolutionConfigurationPlatforms) = preSolution
		Debug|Any CPU = Debug|Any CPU
		Release|Any CPU = Release|Any CPU
	EndGlobalSection
	GlobalSection(ProjectConfigurationPlatforms) = postSolution
		{AB2E19BF-B726-40E3-8255-28C0986F9D24}.Debug|Any CPU.ActiveCfg = Debug|Any CPU
		{AB2E19BF-B726-40E3-8255-28C0986F9D24}.Debug|Any CPU.Build.0 = Debug|Any CPU
		{AB2E19BF-B726-40E3-8255-28C0986F9D24}.Release|Any CPU.ActiveCfg = Release|Any CPU
		{AB2E19BF-B726-40E3-8255-28C0986F9D24}.Release|Any CPU.Build.0 = Release|Any CPU
	EndGlobalSection
	GlobalSection(SolutionProperties) = preSolution
		HideSolutionNode = FALSE
	EndGlobalSection
	GlobalSection(ExtensibilityGlobals) = postSolution
		SolutionGuid = {0CA36DB6-9C6C-49F5-AE0D-13AB5F178105}
	EndGlobalSection
EndGlobal
